
Microsoft Visual Studio Solution File, Format Version 12.00
# Visual Studio Version 16
VisualStudioVersion = 16.0.32630.194
MinimumVisualStudioVersion = 10.0.40219.1
Project("{FAE04EC0-301F-11D3-BF4B-00C04F79EFBC}") = "Tasks 7aug", "Tasks 7aug.csproj", "{2161A20E-8C6F-4FD0-8A47-43030C28758D}"
EndProject
Global
	GlobalSection(SolutionConfigurationPlatforms) = preSolution
		Debug|Any CPU = Debug|Any CPU
		Release|Any CPU = Release|Any CPU
	EndGlobalSection
	GlobalSection(ProjectConfigurationPlatforms) = postSolution
		{2161A20E-8C6F-4FD0-8A47-43030C28758D}.Debug|Any CPU.ActiveCfg = Debug|Any CPU
		{2161A20E-8C6F-4FD0-8A47-43030C28758D}.Debug|Any CPU.Build.0 = Debug|Any CPU
		{2161A20E-8C6F-4FD0-8A47-43030C28758D}.Release|Any CPU.ActiveCfg = Release|Any CPU
		{2161A20E-8C6F-4FD0-8A47-43030C28758D}.Release|Any CPU.Build.0 = Release|Any CPU
	EndGlobalSection
	GlobalSection(SolutionProperties) = preSolution
		HideSolutionNode = FALSE
	EndGlobalSection
	GlobalSection(ExtensibilityGlobals) = postSolution
		SolutionGuid = {BDF50141-963C-43FB-985F-207D46D5DF9F}
	EndGlobalSection
EndGlobal
